// !$*UTF8*$!
{
	archiveVersion = 1;
	classes = {
	};
	objectVersion = 46;
	objects = {

/* Begin PBXBuildFile section */
		BD9FF9D19DBCBA6566ECC72D /* Pods_RACRequestTest.framework in Frameworks */ = {isa = PBXBuildFile; fileRef = A2F9246DB5431863C29418CB /* Pods_RACRequestTest.framework */; };
		EC3C1B211E7251C50017D289 /* checkTool.m in Sources */ = {isa = PBXBuildFile; fileRef = EC3C1B201E7251C50017D289 /* checkTool.m */; };
		EC4949CA1E71268F0031C091 /* loginViewModel.m in Sources */ = {isa = PBXBuildFile; fileRef = EC4949C91E71268F0031C091 /* loginViewModel.m */; };
		EC4A72B21E6EA2650048D95E /* Book.m in Sources */ = {isa = PBXBuildFile; fileRef = EC4A72B11E6EA2650048D95E /* Book.m */; };
		EC4A72B51E6EA2BA0048D95E /* HttpManager.m in Sources */ = {isa = PBXBuildFile; fileRef = EC4A72B41E6EA2BA0048D95E /* HttpManager.m */; };
		EC4AE3301E95E09D00CDB83C /* loginSeccViewController.m in Sources */ = {isa = PBXBuildFile; fileRef = EC4AE32E1E95E09D00CDB83C /* loginSeccViewController.m */; };
		EC4AE3311E95E09D00CDB83C /* loginSeccViewController.xib in Resources */ = {isa = PBXBuildFile; fileRef = EC4AE32F1E95E09D00CDB83C /* loginSeccViewController.xib */; };
		EC4B3DC11E7A800600D3CAFA /* tabTestViewController.m in Sources */ = {isa = PBXBuildFile; fileRef = EC4B3DC01E7A800600D3CAFA /* tabTestViewController.m */; };
		EC4F48911E9CAEF60011348E /* DrawViewController.m in Sources */ = {isa = PBXBuildFile; fileRef = EC4F48901E9CAEF60011348E /* DrawViewController.m */; };
		EC596BEF1E6FE8D800EA0483 /* LoginViewController.m in Sources */ = {isa = PBXBuildFile; fileRef = EC596BEE1E6FE8D800EA0483 /* LoginViewController.m */; };
		EC6A41F71E9F22F900670EB5 /* llViewController.m in Sources */ = {isa = PBXBuildFile; fileRef = EC6A41F61E9F22F900670EB5 /* llViewController.m */; };
		EC73F4261E6D580E0011CC92 /* main.m in Sources */ = {isa = PBXBuildFile; fileRef = EC73F4251E6D580E0011CC92 /* main.m */; };
		EC73F4291E6D580F0011CC92 /* AppDelegate.m in Sources */ = {isa = PBXBuildFile; fileRef = EC73F4281E6D580F0011CC92 /* AppDelegate.m */; };
		EC73F42C1E6D580F0011CC92 /* ViewController.m in Sources */ = {isa = PBXBuildFile; fileRef = EC73F42B1E6D580F0011CC92 /* ViewController.m */; };
		EC73F42F1E6D580F0011CC92 /* Main.storyboard in Resources */ = {isa = PBXBuildFile; fileRef = EC73F42D1E6D580F0011CC92 /* Main.storyboard */; };
		EC73F4311E6D580F0011CC92 /* Assets.xcassets in Resources */ = {isa = PBXBuildFile; fileRef = EC73F4301E6D580F0011CC92 /* Assets.xcassets */; };
		EC73F4341E6D580F0011CC92 /* LaunchScreen.storyboard in Resources */ = {isa = PBXBuildFile; fileRef = EC73F4321E6D580F0011CC92 /* LaunchScreen.storyboard */; };
		EC73F43D1E6D617E0011CC92 /* RequestViewModel.m in Sources */ = {isa = PBXBuildFile; fileRef = EC73F43C1E6D617E0011CC92 /* RequestViewModel.m */; };
		EC7ECEC31EA49B31003C4AA0 /* hongtaoA.png in Resources */ = {isa = PBXBuildFile; fileRef = EC7ECEC21EA49B31003C4AA0 /* hongtaoA.png */; };
		EC91E1AC1ED29A6E008B99DB /* Teacher.m in Sources */ = {isa = PBXBuildFile; fileRef = EC91E1AB1ED29A6E008B99DB /* Teacher.m */; };
		EC91E1B01ED29AD9008B99DB /* Student.m in Sources */ = {isa = PBXBuildFile; fileRef = EC91E1AF1ED29AD9008B99DB /* Student.m */; };
		EC91E1B31ED29C21008B99DB /* Student+teach.m in Sources */ = {isa = PBXBuildFile; fileRef = EC91E1B21ED29C21008B99DB /* Student+teach.m */; };
		EC930F3B1ED971D10042B6B0 /* UIImageView+MyWebCache.m in Sources */ = {isa = PBXBuildFile; fileRef = EC930F3A1ED971D10042B6B0 /* UIImageView+MyWebCache.m */; };
		EC930F3D1ED972F60042B6B0 /* iOS.png in Resources */ = {isa = PBXBuildFile; fileRef = EC930F3C1ED972F60042B6B0 /* iOS.png */; };
		EC930F401ED973250042B6B0 /* UIImageView+OtherWebCache.m in Sources */ = {isa = PBXBuildFile; fileRef = EC930F3F1ED973250042B6B0 /* UIImageView+OtherWebCache.m */; };
/* End PBXBuildFile section */

/* Begin PBXFileReference section */
		652500476208F415FB35C108 /* Pods-RACRequestTest.release.xcconfig */ = {isa = PBXFileReference; includeInIndex = 1; lastKnownFileType = text.xcconfig; name = "Pods-RACRequestTest.release.xcconfig"; path = "Pods/Target Support Files/Pods-RACRequestTest/Pods-RACRequestTest.release.xcconfig"; sourceTree = "<group>"; };
		A2F9246DB5431863C29418CB /* Pods_RACRequestTest.framework */ = {isa = PBXFileReference; explicitFileType = wrapper.framework; includeInIndex = 0; path = Pods_RACRequestTest.framework; sourceTree = BUILT_PRODUCTS_DIR; };
		A651D8DE89459553DAD06968 /* Pods-RACRequestTest.debug.xcconfig */ = {isa = PBXFileReference; includeInIndex = 1; lastKnownFileType = text.xcconfig; name = "Pods-RACRequestTest.debug.xcconfig"; path = "Pods/Target Support Files/Pods-RACRequestTest/Pods-RACRequestTest.debug.xcconfig"; sourceTree = "<group>"; };
		EC3C1B1F1E7251C50017D289 /* checkTool.h */ = {isa = PBXFileReference; fileEncoding = 4; lastKnownFileType = sourcecode.c.h; path = checkTool.h; sourceTree = "<group>"; };
		EC3C1B201E7251C50017D289 /* checkTool.m */ = {isa = PBXFileReference; fileEncoding = 4; lastKnownFileType = sourcecode.c.objc; path = checkTool.m; sourceTree = "<group>"; };
		EC4949C81E71268F0031C091 /* loginViewModel.h */ = {isa = PBXFileReference; fileEncoding = 4; lastKnownFileType = sourcecode.c.h; path = loginViewModel.h; sourceTree = "<group>"; };
		EC4949C91E71268F0031C091 /* loginViewModel.m */ = {isa = PBXFileReference; fileEncoding = 4; lastKnownFileType = sourcecode.c.objc; path = loginViewModel.m; sourceTree = "<group>"; };
		EC4A72B01E6EA2650048D95E /* Book.h */ = {isa = PBXFileReference; fileEncoding = 4; lastKnownFileType = sourcecode.c.h; path = Book.h; sourceTree = "<group>"; };
		EC4A72B11E6EA2650048D95E /* Book.m */ = {isa = PBXFileReference; fileEncoding = 4; lastKnownFileType = sourcecode.c.objc; path = Book.m; sourceTree = "<group>"; };
		EC4A72B31E6EA2BA0048D95E /* HttpManager.h */ = {isa = PBXFileReference; fileEncoding = 4; lastKnownFileType = sourcecode.c.h; path = HttpManager.h; sourceTree = "<group>"; };
		EC4A72B41E6EA2BA0048D95E /* HttpManager.m */ = {isa = PBXFileReference; fileEncoding = 4; lastKnownFileType = sourcecode.c.objc; path = HttpManager.m; sourceTree = "<group>"; };
		EC4A72B61E6EA2D00048D95E /* Singleton.h */ = {isa = PBXFileReference; lastKnownFileType = sourcecode.c.h; path = Singleton.h; sourceTree = "<group>"; };
		EC4A72BC1E6EA42C0048D95E /* PrefixHeader.pch */ = {isa = PBXFileReference; lastKnownFileType = sourcecode.c.h; path = PrefixHeader.pch; sourceTree = "<group>"; };
		EC4AE32D1E95E09D00CDB83C /* loginSeccViewController.h */ = {isa = PBXFileReference; fileEncoding = 4; lastKnownFileType = sourcecode.c.h; path = loginSeccViewController.h; sourceTree = "<group>"; };
		EC4AE32E1E95E09D00CDB83C /* loginSeccViewController.m */ = {isa = PBXFileReference; fileEncoding = 4; lastKnownFileType = sourcecode.c.objc; path = loginSeccViewController.m; sourceTree = "<group>"; };
		EC4AE32F1E95E09D00CDB83C /* loginSeccViewController.xib */ = {isa = PBXFileReference; fileEncoding = 4; lastKnownFileType = file.xib; path = loginSeccViewController.xib; sourceTree = "<group>"; };
		EC4B3DBF1E7A800600D3CAFA /* tabTestViewController.h */ = {isa = PBXFileReference; fileEncoding = 4; lastKnownFileType = sourcecode.c.h; path = tabTestViewController.h; sourceTree = "<group>"; };
		EC4B3DC01E7A800600D3CAFA /* tabTestViewController.m */ = {isa = PBXFileReference; fileEncoding = 4; lastKnownFileType = sourcecode.c.objc; path = tabTestViewController.m; sourceTree = "<group>"; };
		EC4F488F1E9CAEF60011348E /* DrawViewController.h */ = {isa = PBXFileReference; fileEncoding = 4; lastKnownFileType = sourcecode.c.h; path = DrawViewController.h; sourceTree = "<group>"; };
		EC4F48901E9CAEF60011348E /* DrawViewController.m */ = {isa = PBXFileReference; fileEncoding = 4; lastKnownFileType = sourcecode.c.objc; path = DrawViewController.m; sourceTree = "<group>"; };
		EC596BED1E6FE8D800EA0483 /* LoginViewController.h */ = {isa = PBXFileReference; fileEncoding = 4; lastKnownFileType = sourcecode.c.h; path = LoginViewController.h; sourceTree = "<group>"; };
		EC596BEE1E6FE8D800EA0483 /* LoginViewController.m */ = {isa = PBXFileReference; fileEncoding = 4; lastKnownFileType = sourcecode.c.objc; path = LoginViewController.m; sourceTree = "<group>"; };
		EC596BF01E6FF22000EA0483 /* RACRequestTest-Bridging-Header.h */ = {isa = PBXFileReference; lastKnownFileType = sourcecode.c.h; path = "RACRequestTest-Bridging-Header.h"; sourceTree = "<group>"; };
		EC6A41F51E9F22F900670EB5 /* llViewController.h */ = {isa = PBXFileReference; fileEncoding = 4; lastKnownFileType = sourcecode.c.h; path = llViewController.h; sourceTree = "<group>"; };
		EC6A41F61E9F22F900670EB5 /* llViewController.m */ = {isa = PBXFileReference; fileEncoding = 4; lastKnownFileType = sourcecode.c.objc; path = llViewController.m; sourceTree = "<group>"; };
		EC73F4211E6D580E0011CC92 /* RACRequestTest.app */ = {isa = PBXFileReference; explicitFileType = wrapper.application; includeInIndex = 0; path = RACRequestTest.app; sourceTree = BUILT_PRODUCTS_DIR; };
		EC73F4251E6D580E0011CC92 /* main.m */ = {isa = PBXFileReference; lastKnownFileType = sourcecode.c.objc; path = main.m; sourceTree = "<group>"; };
		EC73F4271E6D580F0011CC92 /* AppDelegate.h */ = {isa = PBXFileReference; lastKnownFileType = sourcecode.c.h; path = AppDelegate.h; sourceTree = "<group>"; };
		EC73F4281E6D580F0011CC92 /* AppDelegate.m */ = {isa = PBXFileReference; lastKnownFileType = sourcecode.c.objc; path = AppDelegate.m; sourceTree = "<group>"; };
		EC73F42A1E6D580F0011CC92 /* ViewController.h */ = {isa = PBXFileReference; lastKnownFileType = sourcecode.c.h; path = ViewController.h; sourceTree = "<group>"; };
		EC73F42B1E6D580F0011CC92 /* ViewController.m */ = {isa = PBXFileReference; lastKnownFileType = sourcecode.c.objc; path = ViewController.m; sourceTree = "<group>"; };
		EC73F42E1E6D580F0011CC92 /* Base */ = {isa = PBXFileReference; lastKnownFileType = file.storyboard; name = Base; path = Base.lproj/Main.storyboard; sourceTree = "<group>"; };
		EC73F4301E6D580F0011CC92 /* Assets.xcassets */ = {isa = PBXFileReference; lastKnownFileType = folder.assetcatalog; path = Assets.xcassets; sourceTree = "<group>"; };
		EC73F4331E6D580F0011CC92 /* Base */ = {isa = PBXFileReference; lastKnownFileType = file.storyboard; name = Base; path = Base.lproj/LaunchScreen.storyboard; sourceTree = "<group>"; };
		EC73F4351E6D580F0011CC92 /* Info.plist */ = {isa = PBXFileReference; lastKnownFileType = text.plist.xml; path = Info.plist; sourceTree = "<group>"; };
		EC73F43B1E6D617E0011CC92 /* RequestViewModel.h */ = {isa = PBXFileReference; fileEncoding = 4; lastKnownFileType = sourcecode.c.h; path = RequestViewModel.h; sourceTree = "<group>"; };
		EC73F43C1E6D617E0011CC92 /* RequestViewModel.m */ = {isa = PBXFileReference; fileEncoding = 4; lastKnownFileType = sourcecode.c.objc; path = RequestViewModel.m; sourceTree = "<group>"; };
		EC7ECEC21EA49B31003C4AA0 /* hongtaoA.png */ = {isa = PBXFileReference; lastKnownFileType = image.png; path = hongtaoA.png; sourceTree = "<group>"; };
		EC91E1AA1ED29A6E008B99DB /* Teacher.h */ = {isa = PBXFileReference; fileEncoding = 4; lastKnownFileType = sourcecode.c.h; path = Teacher.h; sourceTree = "<group>"; };
		EC91E1AB1ED29A6E008B99DB /* Teacher.m */ = {isa = PBXFileReference; fileEncoding = 4; lastKnownFileType = sourcecode.c.objc; path = Teacher.m; sourceTree = "<group>"; };
		EC91E1AE1ED29AD9008B99DB /* Student.h */ = {isa = PBXFileReference; fileEncoding = 4; lastKnownFileType = sourcecode.c.h; path = Student.h; sourceTree = "<group>"; };
		EC91E1AF1ED29AD9008B99DB /* Student.m */ = {isa = PBXFileReference; fileEncoding = 4; lastKnownFileType = sourcecode.c.objc; path = Student.m; sourceTree = "<group>"; };
		EC91E1B11ED29C21008B99DB /* Student+teach.h */ = {isa = PBXFileReference; fileEncoding = 4; lastKnownFileType = sourcecode.c.h; path = "Student+teach.h"; sourceTree = "<group>"; };
		EC91E1B21ED29C21008B99DB /* Student+teach.m */ = {isa = PBXFileReference; fileEncoding = 4; lastKnownFileType = sourcecode.c.objc; path = "Student+teach.m"; sourceTree = "<group>"; };
		EC930F391ED971D10042B6B0 /* UIImageView+MyWebCache.h */ = {isa = PBXFileReference; fileEncoding = 4; lastKnownFileType = sourcecode.c.h; path = "UIImageView+MyWebCache.h"; sourceTree = "<group>"; };
		EC930F3A1ED971D10042B6B0 /* UIImageView+MyWebCache.m */ = {isa = PBXFileReference; fileEncoding = 4; lastKnownFileType = sourcecode.c.objc; path = "UIImageView+MyWebCache.m"; sourceTree = "<group>"; };
		EC930F3C1ED972F60042B6B0 /* iOS.png */ = {isa = PBXFileReference; lastKnownFileType = image.png; path = iOS.png; sourceTree = "<group>"; };
		EC930F3E1ED973250042B6B0 /* UIImageView+OtherWebCache.h */ = {isa = PBXFileReference; fileEncoding = 4; lastKnownFileType = sourcecode.c.h; path = "UIImageView+OtherWebCache.h"; sourceTree = "<group>"; };
		EC930F3F1ED973250042B6B0 /* UIImageView+OtherWebCache.m */ = {isa = PBXFileReference; fileEncoding = 4; lastKnownFileType = sourcecode.c.objc; path = "UIImageView+OtherWebCache.m"; sourceTree = "<group>"; };
		ECA393BE1EC01B3F00A215FC /* CommonConfig.xcconfig */ = {isa = PBXFileReference; lastKnownFileType = text.xcconfig; path = CommonConfig.xcconfig; sourceTree = "<group>"; };
		ECA393BF1EC01B4E00A215FC /* DebugConfig.xcconfig */ = {isa = PBXFileReference; lastKnownFileType = text.xcconfig; path = DebugConfig.xcconfig; sourceTree = "<group>"; };
		ECA393C01EC01B5A00A215FC /* ReleaseConfig.xcconfig */ = {isa = PBXFileReference; lastKnownFileType = text.xcconfig; path = ReleaseConfig.xcconfig; sourceTree = "<group>"; };
		ECA393C11EC01B6900A215FC /* ReleaseTestConfig.xcconfig */ = {isa = PBXFileReference; lastKnownFileType = text.xcconfig; path = ReleaseTestConfig.xcconfig; sourceTree = "<group>"; };
/* End PBXFileReference section */

/* Begin PBXFrameworksBuildPhase section */
		EC73F41E1E6D580E0011CC92 /* Frameworks */ = {
			isa = PBXFrameworksBuildPhase;
			buildActionMask = 2147483647;
			files = (
				BD9FF9D19DBCBA6566ECC72D /* Pods_RACRequestTest.framework in Frameworks */,
			);
			runOnlyForDeploymentPostprocessing = 0;
		};
/* End PBXFrameworksBuildPhase section */

/* Begin PBXGroup section */
		1F82D330DCEA7D9942DBFA5D /* Pods */ = {
			isa = PBXGroup;
			children = (
				A651D8DE89459553DAD06968 /* Pods-RACRequestTest.debug.xcconfig */,
				652500476208F415FB35C108 /* Pods-RACRequestTest.release.xcconfig */,
			);
			name = Pods;
			sourceTree = "<group>";
		};
		9483278728DBCE5DEC4C6DEC /* Frameworks */ = {
			isa = PBXGroup;
			children = (
				A2F9246DB5431863C29418CB /* Pods_RACRequestTest.framework */,
			);
			name = Frameworks;
			sourceTree = "<group>";
		};
		EC4A72B71E6EA2E20048D95E /* Controller */ = {
			isa = PBXGroup;
			children = (
				EC4AE32D1E95E09D00CDB83C /* loginSeccViewController.h */,
				EC4AE32E1E95E09D00CDB83C /* loginSeccViewController.m */,
				EC4AE32F1E95E09D00CDB83C /* loginSeccViewController.xib */,
				EC4B3DBF1E7A800600D3CAFA /* tabTestViewController.h */,
				EC4B3DC01E7A800600D3CAFA /* tabTestViewController.m */,
				EC596BED1E6FE8D800EA0483 /* LoginViewController.h */,
				EC596BEE1E6FE8D800EA0483 /* LoginViewController.m */,
				EC73F42A1E6D580F0011CC92 /* ViewController.h */,
				EC73F42B1E6D580F0011CC92 /* ViewController.m */,
				EC6A41F51E9F22F900670EB5 /* llViewController.h */,
				EC6A41F61E9F22F900670EB5 /* llViewController.m */,
			);
			name = Controller;
			sourceTree = "<group>";
		};
		EC4A72B81E6EA3010048D95E /* ViewModel */ = {
			isa = PBXGroup;
			children = (
				EC73F43B1E6D617E0011CC92 /* RequestViewModel.h */,
				EC73F43C1E6D617E0011CC92 /* RequestViewModel.m */,
				EC4949C81E71268F0031C091 /* loginViewModel.h */,
				EC4949C91E71268F0031C091 /* loginViewModel.m */,
			);
			name = ViewModel;
			sourceTree = "<group>";
		};
		EC4A72B91E6EA3160048D95E /* Model */ = {
			isa = PBXGroup;
			children = (
				EC4A72B01E6EA2650048D95E /* Book.h */,
				EC4A72B11E6EA2650048D95E /* Book.m */,
			);
			name = Model;
			sourceTree = "<group>";
		};
		EC4A72BA1E6EA31B0048D95E /* Other */ = {
			isa = PBXGroup;
			children = (
				EC4A72B31E6EA2BA0048D95E /* HttpManager.h */,
				EC4A72B41E6EA2BA0048D95E /* HttpManager.m */,
				EC4A72B61E6EA2D00048D95E /* Singleton.h */,
				EC3C1B1F1E7251C50017D289 /* checkTool.h */,
				EC3C1B201E7251C50017D289 /* checkTool.m */,
				EC7ECEC21EA49B31003C4AA0 /* hongtaoA.png */,
				EC930F3C1ED972F60042B6B0 /* iOS.png */,
			);
			name = Other;
			sourceTree = "<group>";
		};
		EC73F4181E6D580E0011CC92 = {
			isa = PBXGroup;
			children = (
				EC73F4231E6D580E0011CC92 /* RACRequestTest */,
				EC73F4221E6D580E0011CC92 /* Products */,
				1F82D330DCEA7D9942DBFA5D /* Pods */,
				9483278728DBCE5DEC4C6DEC /* Frameworks */,
			);
			sourceTree = "<group>";
		};
		EC73F4221E6D580E0011CC92 /* Products */ = {
			isa = PBXGroup;
			children = (
				EC73F4211E6D580E0011CC92 /* RACRequestTest.app */,
			);
			name = Products;
			sourceTree = "<group>";
		};
		EC73F4231E6D580E0011CC92 /* RACRequestTest */ = {
			isa = PBXGroup;
			children = (
				EC930F381ED971740042B6B0 /* Category */,
				EC91E1AD1ED29A7C008B99DB /* selector */,
				ECA393BD1EC01B2D00A215FC /* Configs */,
				EC73F4271E6D580F0011CC92 /* AppDelegate.h */,
				EC73F4281E6D580F0011CC92 /* AppDelegate.m */,
				EC4A72BC1E6EA42C0048D95E /* PrefixHeader.pch */,
				EC4A72BA1E6EA31B0048D95E /* Other */,
				EC4A72B91E6EA3160048D95E /* Model */,
				EC4A72B81E6EA3010048D95E /* ViewModel */,
				EC4A72B71E6EA2E20048D95E /* Controller */,
				EC73F42D1E6D580F0011CC92 /* Main.storyboard */,
				EC73F4301E6D580F0011CC92 /* Assets.xcassets */,
				EC73F4321E6D580F0011CC92 /* LaunchScreen.storyboard */,
				EC73F4351E6D580F0011CC92 /* Info.plist */,
				EC73F4241E6D580E0011CC92 /* Supporting Files */,
				EC596BF01E6FF22000EA0483 /* RACRequestTest-Bridging-Header.h */,
			);
			path = RACRequestTest;
			sourceTree = "<group>";
		};
		EC73F4241E6D580E0011CC92 /* Supporting Files */ = {
			isa = PBXGroup;
			children = (
				EC73F4251E6D580E0011CC92 /* main.m */,
			);
			name = "Supporting Files";
			sourceTree = "<group>";
		};
		EC91E1AD1ED29A7C008B99DB /* selector */ = {
			isa = PBXGroup;
			children = (
				EC91E1AA1ED29A6E008B99DB /* Teacher.h */,
				EC91E1AB1ED29A6E008B99DB /* Teacher.m */,
				EC91E1AE1ED29AD9008B99DB /* Student.h */,
				EC91E1AF1ED29AD9008B99DB /* Student.m */,
				EC91E1B11ED29C21008B99DB /* Student+teach.h */,
				EC91E1B21ED29C21008B99DB /* Student+teach.m */,
				EC4F488F1E9CAEF60011348E /* DrawViewController.h */,
				EC4F48901E9CAEF60011348E /* DrawViewController.m */,
			);
			name = selector;
			sourceTree = "<group>";
		};
		EC930F381ED971740042B6B0 /* Category */ = {
			isa = PBXGroup;
			children = (
				EC930F391ED971D10042B6B0 /* UIImageView+MyWebCache.h */,
				EC930F3A1ED971D10042B6B0 /* UIImageView+MyWebCache.m */,
				EC930F3E1ED973250042B6B0 /* UIImageView+OtherWebCache.h */,
				EC930F3F1ED973250042B6B0 /* UIImageView+OtherWebCache.m */,
			);
			name = Category;
			sourceTree = "<group>";
		};
		ECA393BD1EC01B2D00A215FC /* Configs */ = {
			isa = PBXGroup;
			children = (
				ECA393BE1EC01B3F00A215FC /* CommonConfig.xcconfig */,
				ECA393BF1EC01B4E00A215FC /* DebugConfig.xcconfig */,
				ECA393C01EC01B5A00A215FC /* ReleaseConfig.xcconfig */,
				ECA393C11EC01B6900A215FC /* ReleaseTestConfig.xcconfig */,
			);
			name = Configs;
			sourceTree = "<group>";
		};
/* End PBXGroup section */

/* Begin PBXNativeTarget section */
		EC73F4201E6D580E0011CC92 /* RACRequestTest */ = {
			isa = PBXNativeTarget;
			buildConfigurationList = EC73F4381E6D580F0011CC92 /* Build configuration list for PBXNativeTarget "RACRequestTest" */;
			buildPhases = (
				E3CB5967CCE8E8869B53E637 /* [CP] Check Pods Manifest.lock */,
				EC73F41D1E6D580E0011CC92 /* Sources */,
				EC73F41E1E6D580E0011CC92 /* Frameworks */,
				EC73F41F1E6D580E0011CC92 /* Resources */,
				A56FB891A7628A1D46783B3E /* [CP] Embed Pods Frameworks */,
				083D0AD723A8D868771B79EE /* [CP] Copy Pods Resources */,
			);
			buildRules = (
			);
			dependencies = (
			);
			name = RACRequestTest;
			productName = RACRequestTest;
			productReference = EC73F4211E6D580E0011CC92 /* RACRequestTest.app */;
			productType = "com.apple.product-type.application";
		};
/* End PBXNativeTarget section */

/* Begin PBXProject section */
		EC73F4191E6D580E0011CC92 /* Project object */ = {
			isa = PBXProject;
			attributes = {
				LastUpgradeCheck = 0820;
				ORGANIZATIONNAME = Chenlu;
				TargetAttributes = {
					EC73F4201E6D580E0011CC92 = {
						CreatedOnToolsVersion = 8.2.1;
						LastSwiftMigration = 0820;
						ProvisioningStyle = Automatic;
					};
				};
			};
			buildConfigurationList = EC73F41C1E6D580E0011CC92 /* Build configuration list for PBXProject "RACRequestTest" */;
			compatibilityVersion = "Xcode 3.2";
			developmentRegion = English;
			hasScannedForEncodings = 0;
			knownRegions = (
				en,
				Base,
			);
			mainGroup = EC73F4181E6D580E0011CC92;
			productRefGroup = EC73F4221E6D580E0011CC92 /* Products */;
			projectDirPath = "";
			projectRoot = "";
			targets = (
				EC73F4201E6D580E0011CC92 /* RACRequestTest */,
			);
		};
/* End PBXProject section */

/* Begin PBXResourcesBuildPhase section */
		EC73F41F1E6D580E0011CC92 /* Resources */ = {
			isa = PBXResourcesBuildPhase;
			buildActionMask = 2147483647;
			files = (
				EC73F4341E6D580F0011CC92 /* LaunchScreen.storyboard in Resources */,
				EC73F4311E6D580F0011CC92 /* Assets.xcassets in Resources */,
				EC7ECEC31EA49B31003C4AA0 /* hongtaoA.png in Resources */,
				EC930F3D1ED972F60042B6B0 /* iOS.png in Resources */,
				EC4AE3311E95E09D00CDB83C /* loginSeccViewController.xib in Resources */,
				EC73F42F1E6D580F0011CC92 /* Main.storyboard in Resources */,
			);
			runOnlyForDeploymentPostprocessing = 0;
		};
/* End PBXResourcesBuildPhase section */

/* Begin PBXShellScriptBuildPhase section */
		083D0AD723A8D868771B79EE /* [CP] Copy Pods Resources */ = {
			isa = PBXShellScriptBuildPhase;
			buildActionMask = 2147483647;
			files = (
			);
			inputPaths = (
			);
			name = "[CP] Copy Pods Resources";
			outputPaths = (
			);
			runOnlyForDeploymentPostprocessing = 0;
			shellPath = /bin/sh;
			shellScript = "\"${SRCROOT}/Pods/Target Support Files/Pods-RACRequestTest/Pods-RACRequestTest-resources.sh\"\n";
			showEnvVarsInLog = 0;
		};
		A56FB891A7628A1D46783B3E /* [CP] Embed Pods Frameworks */ = {
			isa = PBXShellScriptBuildPhase;
			buildActionMask = 2147483647;
			files = (
			);
			inputPaths = (
			);
			name = "[CP] Embed Pods Frameworks";
			outputPaths = (
			);
			runOnlyForDeploymentPostprocessing = 0;
			shellPath = /bin/sh;
			shellScript = "\"${SRCROOT}/Pods/Target Support Files/Pods-RACRequestTest/Pods-RACRequestTest-frameworks.sh\"\n";
			showEnvVarsInLog = 0;
		};
		E3CB5967CCE8E8869B53E637 /* [CP] Check Pods Manifest.lock */ = {
			isa = PBXShellScriptBuildPhase;
			buildActionMask = 2147483647;
			files = (
			);
			inputPaths = (
			);
			name = "[CP] Check Pods Manifest.lock";
			outputPaths = (
			);
			runOnlyForDeploymentPostprocessing = 0;
			shellPath = /bin/sh;
			shellScript = "diff \"${PODS_ROOT}/../Podfile.lock\" \"${PODS_ROOT}/Manifest.lock\" > /dev/null\nif [ $? != 0 ] ; then\n    # print error to STDERR\n    echo \"error: The sandbox is not in sync with the Podfile.lock. Run 'pod install' or update your CocoaPods installation.\" >&2\n    exit 1\nfi\n";
			showEnvVarsInLog = 0;
		};
/* End PBXShellScriptBuildPhase section */

/* Begin PBXSourcesBuildPhase section */
		EC73F41D1E6D580E0011CC92 /* Sources */ = {
			isa = PBXSourcesBuildPhase;
			buildActionMask = 2147483647;
			files = (
				EC930F401ED973250042B6B0 /* UIImageView+OtherWebCache.m in Sources */,
				EC930F3B1ED971D10042B6B0 /* UIImageView+MyWebCache.m in Sources */,
				EC4F48911E9CAEF60011348E /* DrawViewController.m in Sources */,
				EC91E1B31ED29C21008B99DB /* Student+teach.m in Sources */,
				EC3C1B211E7251C50017D289 /* checkTool.m in Sources */,
				EC91E1B01ED29AD9008B99DB /* Student.m in Sources */,
				EC4949CA1E71268F0031C091 /* loginViewModel.m in Sources */,
				EC4A72B21E6EA2650048D95E /* Book.m in Sources */,
				EC73F42C1E6D580F0011CC92 /* ViewController.m in Sources */,
				EC73F4291E6D580F0011CC92 /* AppDelegate.m in Sources */,
				EC4AE3301E95E09D00CDB83C /* loginSeccViewController.m in Sources */,
				EC4A72B51E6EA2BA0048D95E /* HttpManager.m in Sources */,
				EC91E1AC1ED29A6E008B99DB /* Teacher.m in Sources */,
				EC4B3DC11E7A800600D3CAFA /* tabTestViewController.m in Sources */,
				EC6A41F71E9F22F900670EB5 /* llViewController.m in Sources */,
				EC596BEF1E6FE8D800EA0483 /* LoginViewController.m in Sources */,
				EC73F43D1E6D617E0011CC92 /* RequestViewModel.m in Sources */,
				EC73F4261E6D580E0011CC92 /* main.m in Sources */,
			);
			runOnlyForDeploymentPostprocessing = 0;
		};
/* End PBXSourcesBuildPhase section */

/* Begin PBXVariantGroup section */
		EC73F42D1E6D580F0011CC92 /* Main.storyboard */ = {
			isa = PBXVariantGroup;
			children = (
				EC73F42E1E6D580F0011CC92 /* Base */,
			);
			name = Main.storyboard;
			sourceTree = "<group>";
		};
		EC73F4321E6D580F0011CC92 /* LaunchScreen.storyboard */ = {
			isa = PBXVariantGroup;
			children = (
				EC73F4331E6D580F0011CC92 /* Base */,
			);
			name = LaunchScreen.storyboard;
			sourceTree = "<group>";
		};
/* End PBXVariantGroup section */

/* Begin XCBuildConfiguration section */
		EC73F4361E6D580F0011CC92 /* Debug */ = {
			isa = XCBuildConfiguration;
			buildSettings = {
				ALWAYS_SEARCH_USER_PATHS = NO;
				CLANG_ANALYZER_NONNULL = YES;
				CLANG_CXX_LANGUAGE_STANDARD = "gnu++0x";
				CLANG_CXX_LIBRARY = "libc++";
				CLANG_ENABLE_MODULES = YES;
				CLANG_ENABLE_OBJC_ARC = YES;
				CLANG_WARN_BOOL_CONVERSION = YES;
				CLANG_WARN_CONSTANT_CONVERSION = YES;
				CLANG_WARN_DIRECT_OBJC_ISA_USAGE = YES_ERROR;
				CLANG_WARN_DOCUMENTATION_COMMENTS = YES;
				CLANG_WARN_EMPTY_BODY = YES;
				CLANG_WARN_ENUM_CONVERSION = YES;
				CLANG_WARN_INFINITE_RECURSION = YES;
				CLANG_WARN_INT_CONVERSION = YES;
				CLANG_WARN_OBJC_ROOT_CLASS = YES_ERROR;
				CLANG_WARN_SUSPICIOUS_MOVE = YES;
				CLANG_WARN_UNREACHABLE_CODE = YES;
				CLANG_WARN__DUPLICATE_METHOD_MATCH = YES;
				"CODE_SIGN_IDENTITY[sdk=iphoneos*]" = "iPhone Developer";
				COPY_PHASE_STRIP = NO;
				DEBUG_INFORMATION_FORMAT = dwarf;
				ENABLE_STRICT_OBJC_MSGSEND = YES;
				ENABLE_TESTABILITY = YES;
				GCC_C_LANGUAGE_STANDARD = gnu99;
				GCC_DYNAMIC_NO_PIC = NO;
				GCC_NO_COMMON_BLOCKS = YES;
				GCC_OPTIMIZATION_LEVEL = 0;
				GCC_PREPROCESSOR_DEFINITIONS = (
					"DEBUG=1",
					"$(inherited)",
				);
				GCC_WARN_64_TO_32_BIT_CONVERSION = YES;
				GCC_WARN_ABOUT_RETURN_TYPE = YES_ERROR;
				GCC_WARN_UNDECLARED_SELECTOR = YES;
				GCC_WARN_UNINITIALIZED_AUTOS = YES_AGGRESSIVE;
				GCC_WARN_UNUSED_FUNCTION = YES;
				GCC_WARN_UNUSED_VARIABLE = YES;
				IPHONEOS_DEPLOYMENT_TARGET = 10.2;
				MTL_ENABLE_DEBUG_INFO = YES;
				ONLY_ACTIVE_ARCH = YES;
				SDKROOT = iphoneos;
				TARGETED_DEVICE_FAMILY = "1,2";
			};
			name = Debug;
		};
		EC73F4371E6D580F0011CC92 /* Release */ = {
			isa = XCBuildConfiguration;
			buildSettings = {
				ALWAYS_SEARCH_USER_PATHS = NO;
				CLANG_ANALYZER_NONNULL = YES;
				CLANG_CXX_LANGUAGE_STANDARD = "gnu++0x";
				CLANG_CXX_LIBRARY = "libc++";
				CLANG_ENABLE_MODULES = YES;
				CLANG_ENABLE_OBJC_ARC = YES;
				CLANG_WARN_BOOL_CONVERSION = YES;
				CLANG_WARN_CONSTANT_CONVERSION = YES;
				CLANG_WARN_DIRECT_OBJC_ISA_USAGE = YES_ERROR;
				CLANG_WARN_DOCUMENTATION_COMMENTS = YES;
				CLANG_WARN_EMPTY_BODY = YES;
				CLANG_WARN_ENUM_CONVERSION = YES;
				CLANG_WARN_INFINITE_RECURSION = YES;
				CLANG_WARN_INT_CONVERSION = YES;
				CLANG_WARN_OBJC_ROOT_CLASS = YES_ERROR;
				CLANG_WARN_SUSPICIOUS_MOVE = YES;
				CLANG_WARN_UNREACHABLE_CODE = YES;
				CLANG_WARN__DUPLICATE_METHOD_MATCH = YES;
				"CODE_SIGN_IDENTITY[sdk=iphoneos*]" = "iPhone Developer";
				COPY_PHASE_STRIP = NO;
				DEBUG_INFORMATION_FORMAT = "dwarf-with-dsym";
				ENABLE_NS_ASSERTIONS = NO;
				ENABLE_STRICT_OBJC_MSGSEND = YES;
				GCC_C_LANGUAGE_STANDARD = gnu99;
				GCC_NO_COMMON_BLOCKS = YES;
				GCC_WARN_64_TO_32_BIT_CONVERSION = YES;
				GCC_WARN_ABOUT_RETURN_TYPE = YES_ERROR;
				GCC_WARN_UNDECLARED_SELECTOR = YES;
				GCC_WARN_UNINITIALIZED_AUTOS = YES_AGGRESSIVE;
				GCC_WARN_UNUSED_FUNCTION = YES;
				GCC_WARN_UNUSED_VARIABLE = YES;
				IPHONEOS_DEPLOYMENT_TARGET = 10.2;
				MTL_ENABLE_DEBUG_INFO = NO;
				SDKROOT = iphoneos;
				TARGETED_DEVICE_FAMILY = "1,2";
				VALIDATE_PRODUCT = YES;
			};
			name = Release;
		};
		EC73F4391E6D580F0011CC92 /* Debug */ = {
			isa = XCBuildConfiguration;
			baseConfigurationReference = A651D8DE89459553DAD06968 /* Pods-RACRequestTest.debug.xcconfig */;
			buildSettings = {
				ASSETCATALOG_COMPILER_APPICON_NAME = AppIcon;
				CLANG_ENABLE_MODULES = YES;
				GCC_PREFIX_HEADER = "$(SRCROOT)/RACRequestTest/PrefixHeader.pch";
				INFOPLIST_FILE = RACRequestTest/Info.plist;
				LD_RUNPATH_SEARCH_PATHS = "$(inherited) @executable_path/Frameworks";
				PRODUCT_BUNDLE_IDENTIFIER = lulu.Chen.RACRequestTest;
				PRODUCT_NAME = "$(TARGET_NAME)";
				SWIFT_OBJC_BRIDGING_HEADER = "RACRequestTest/RACRequestTest-Bridging-Header.h";
				SWIFT_OPTIMIZATION_LEVEL = "-Onone";
				SWIFT_VERSION = 3.0;
			};
			name = Debug;
		};
		EC73F43A1E6D580F0011CC92 /* Release */ = {
			isa = XCBuildConfiguration;
			baseConfigurationReference = 652500476208F415FB35C108 /* Pods-RACRequestTest.release.xcconfig */;
			buildSettings = {
				ASSETCATALOG_COMPILER_APPICON_NAME = AppIcon;
				CLANG_ENABLE_MODULES = YES;
				GCC_PREFIX_HEADER = "$(SRCROOT)/RACRequestTest/PrefixHeader.pch";
				INFOPLIST_FILE = RACRequestTest/Info.plist;
				LD_RUNPATH_SEARCH_PATHS = "$(inherited) @executable_path/Frameworks";
				PRODUCT_BUNDLE_IDENTIFIER = lulu.Chen.RACRequestTest;
				PRODUCT_NAME = "$(TARGET_NAME)";
				SWIFT_OBJC_BRIDGING_HEADER = "RACRequestTest/RACRequestTest-Bridging-Header.h";
				SWIFT_VERSION = 3.0;
			};
			name = Release;
		};
		ECA393BA1EC01A0000A215FC /* Release Test */ = {
			isa = XCBuildConfiguration;
			buildSettings = {
				ALWAYS_SEARCH_USER_PATHS = NO;
				CLANG_ANALYZER_NONNULL = YES;
				CLANG_CXX_LANGUAGE_STANDARD = "gnu++0x";
				CLANG_CXX_LIBRARY = "libc++";
				CLANG_ENABLE_MODULES = YES;
				CLANG_ENABLE_OBJC_ARC = YES;
				CLANG_WARN_BOOL_CONVERSION = YES;
				CLANG_WARN_CONSTANT_CONVERSION = YES;
				CLANG_WARN_DIRECT_OBJC_ISA_USAGE = YES_ERROR;
				CLANG_WARN_DOCUMENTATION_COMMENTS = YES;
				CLANG_WARN_EMPTY_BODY = YES;
				CLANG_WARN_ENUM_CONVERSION = YES;
				CLANG_WARN_INFINITE_RECURSION = YES;
				CLANG_WARN_INT_CONVERSION = YES;
				CLANG_WARN_OBJC_ROOT_CLASS = YES_ERROR;
				CLANG_WARN_SUSPICIOUS_MOVE = YES;
				CLANG_WARN_UNREACHABLE_CODE = YES;
				CLANG_WARN__DUPLICATE_METHOD_MATCH = YES;
				"CODE_SIGN_IDENTITY[sdk=iphoneos*]" = "iPhone Developer";
				COPY_PHASE_STRIP = NO;
				DEBUG_INFORMATION_FORMAT = dwarf;
				ENABLE_STRICT_OBJC_MSGSEND = YES;
				ENABLE_TESTABILITY = YES;
				GCC_C_LANGUAGE_STANDARD = gnu99;
				GCC_DYNAMIC_NO_PIC = NO;
				GCC_NO_COMMON_BLOCKS = YES;
				GCC_OPTIMIZATION_LEVEL = 0;
				GCC_PREPROCESSOR_DEFINITIONS = (
					"DEBUG=1",
					"$(inherited)",
				);
				GCC_WARN_64_TO_32_BIT_CONVERSION = YES;
				GCC_WARN_ABOUT_RETURN_TYPE = YES_ERROR;
				GCC_WARN_UNDECLARED_SELECTOR = YES;
				GCC_WARN_UNINITIALIZED_AUTOS = YES_AGGRESSIVE;
				GCC_WARN_UNUSED_FUNCTION = YES;
				GCC_WARN_UNUSED_VARIABLE = YES;
				IPHONEOS_DEPLOYMENT_TARGET = 10.2;
				MTL_ENABLE_DEBUG_INFO = YES;
				ONLY_ACTIVE_ARCH = YES;
				SDKROOT = iphoneos;
				TARGETED_DEVICE_FAMILY = "1,2";
			};
			name = "Release Test";
		};
		ECA393BB1EC01A0000A215FC /* Release Test */ = {
			isa = XCBuildConfiguration;
			baseConfigurationReference = A651D8DE89459553DAD06968 /* Pods-RACRequestTest.debug.xcconfig */;
			buildSettings = {
				ASSETCATALOG_COMPILER_APPICON_NAME = AppIcon;
				CLANG_ENABLE_MODULES = YES;
				GCC_PREFIX_HEADER = "$(SRCROOT)/RACRequestTest/PrefixHeader.pch";
				INFOPLIST_FILE = RACRequestTest/Info.plist;
				LD_RUNPATH_SEARCH_PATHS = "$(inherited) @executable_path/Frameworks";
				PRODUCT_BUNDLE_IDENTIFIER = lulu.Chen.RACRequestTest;
				PRODUCT_NAME = "$(TARGET_NAME)";
				SWIFT_OBJC_BRIDGING_HEADER = "RACRequestTest/RACRequestTest-Bridging-Header.h";
				SWIFT_OPTIMIZATION_LEVEL = "-Onone";
				SWIFT_VERSION = 3.0;
			};
			name = "Release Test";
		};
/* End XCBuildConfiguration section */

/* Begin XCConfigurationList section */
		EC73F41C1E6D580E0011CC92 /* Build configuration list for PBXProject "RACRequestTest" */ = {
			isa = XCConfigurationList;
			buildConfigurations = (
				EC73F4361E6D580F0011CC92 /* Debug */,
				ECA393BA1EC01A0000A215FC /* Release Test */,
				EC73F4371E6D580F0011CC92 /* Release */,
			);
			defaultConfigurationIsVisible = 0;
			defaultConfigurationName = Release;
		};
		EC73F4381E6D580F0011CC92 /* Build configuration list for PBXNativeTarget "RACRequestTest" */ = {
			isa = XCConfigurationList;
			buildConfigurations = (
				EC73F4391E6D580F0011CC92 /* Debug */,
				ECA393BB1EC01A0000A215FC /* Release Test */,
				EC73F43A1E6D580F0011CC92 /* Release */,
			);
			defaultConfigurationIsVisible = 0;
			defaultConfigurationName = Release;
		};
/* End XCConfigurationList section */
	};
	rootObject = EC73F4191E6D580E0011CC92 /* Project object */;
}
