PODS:
  - AFNetworking (3.1.0):
    - AFNetworking/NSURLSession (= 3.1.0)
    - AFNetworking/Reachability (= 3.1.0)
    - AFNetworking/Security (= 3.1.0)
    - AFNetworking/Serialization (= 3.1.0)
    - AFNetworking/UIKit (= 3.1.0)
  - AFNetworking/NSURLSession (3.1.0):
    - AFNetworking/Reachability
    - AFNetworking/Security
    - AFNetworking/Serialization
  - AFNetworking/Reachability (3.1.0)
  - AFNetworking/Security (3.1.0)
  - AFNetworking/Serialization (3.1.0)
  - AFNetworking/UIKit (3.1.0):
    - AFNetworking/NSURLSession
  - ESTabBarController-swift (2.3)
  - MJExtension (2.5.16)
  - ReactiveCocoa (2.1.8):
    - ReactiveCocoa/Core (= 2.1.8)
    - ReactiveCocoa/no-arc (= 2.1.8)
  - ReactiveCocoa/Core (2.1.8):
    - ReactiveCocoa/no-arc
  - ReactiveCocoa/no-arc (2.1.8)
  - SDWebImage (4.0.0):
    - SDWebImage/Core (= 4.0.0)
  - SDWebImage/Core (4.0.0)
  - ZIKConstraintsGuard (1.1)

DEPENDENCIES:
  - AFNetworking (~> 3.1.0)
  - ESTabBarController-swift
  - MJExtension (~> 2.5.12)
  - ReactiveCocoa (~> 2.1.8)
  - SDWebImage
  - ZIKConstraintsGuard

SPEC CHECKSUMS:
  AFNetworking: 5e0e199f73d8626b11e79750991f5d173d1f8b67
  ESTabBarController-swift: 23011ffbee6cd66a37309f00c7c21c9dd63c17de
  MJExtension: b8c1321a77d91bcc007b94d38cbf5383c95ea30e
  ReactiveCocoa: f89f2e009a87951b50321bf9feb958823fcc617e
  SDWebImage: 76a6348bdc74eb5a55dd08a091ef298e56b55e41
  ZIKConstraintsGuard: 4231657a3a2da15a7748a1911982c537b8099404

PODFILE CHECKSUM: 41bdead5c3c037fbeb1302e2a4ed666d2865add4

COCOAPODS: 1.2.0
